<?xml version="1.0" encoding="utf-8"?>
<Project ToolsVersion="4.0" xmlns="http://schemas.microsoft.com/developer/msbuild/2003">
  <ItemGroup>
    <Filter Include="소스 파일">
      <UniqueIdentifier>{4FC737F1-C7A5-4376-A066-2A32D752A2FF}</UniqueIdentifier>
      <Extensions>cpp;c;cc;cxx;def;odl;idl;hpj;bat;asm;asmx</Extensions>
    </Filter>
    <Filter Include="헤더 파일">
      <UniqueIdentifier>{93995380-89BD-4b04-88EB-625FBE52EBFB}</UniqueIdentifier>
      <Extensions>h;hh;hpp;hxx;hm;inl;inc;ipp;xsd</Extensions>
    </Filter>
    <Filter Include="리소스 파일">
      <UniqueIdentifier>{67DA6AB6-F800-4c08-8B7A-83BB121AAD01}</UniqueIdentifier>
      <Extensions>rc;ico;cur;bmp;dlg;rc2;rct;bin;rgs;gif;jpg;jpeg;jpe;resx;tiff;tif;png;wav;mfcribbon-ms</Extensions>
    </Filter>
  </ItemGroup>
  <ItemGroup>
    <ClInclude Include="header.h">
      <Filter>헤더 파일</Filter>
    </ClInclude>
    <ClInclude Include="targetver.h">
      <Filter>헤더 파일</Filter>
    </ClInclude>
    <ClInclude Include="Resource.h">
      <Filter>헤더 파일</Filter>
    </ClInclude>
    <ClInclude Include="Dummyclient.h">
      <Filter>헤더 파일</Filter>
    </ClInclude>
    <ClInclude Include="..\ChargeClient\common.h">
      <Filter>헤더 파일</Filter>
    </ClInclude>
    <ClInclude Include="..\ChargeClient\const.h">
      <Filter>헤더 파일</Filter>
    </ClInclude>
    <ClInclude Include="..\ChargeClient\NetworkManager.h">
      <Filter>헤더 파일</Filter>
    </ClInclude>
    <ClInclude Include="..\ChargeClient\ObjectManager.h">
      <Filter>헤더 파일</Filter>
    </ClInclude>
    <ClInclude Include="..\ChargeClient\Player.h">
      <Filter>헤더 파일</Filter>
    </ClInclude>
    <ClInclude Include="..\ChargeClient\protocol.h">
      <Filter>헤더 파일</Filter>
    </ClInclude>
    <ClInclude Include="..\ChargeClient\Resource.h">
      <Filter>헤더 파일</Filter>
    </ClInclude>
    <ClInclude Include="..\ChargeClient\SceneManager.h">
      <Filter>헤더 파일</Filter>
    </ClInclude>
  </ItemGroup>
  <ItemGroup>
    <ClCompile Include="Dummyclient.cpp">
      <Filter>소스 파일</Filter>
    </ClCompile>
    <ClCompile Include="..\ChargeClient\main2.cpp">
      <Filter>헤더 파일</Filter>
    </ClCompile>
    <ClCompile Include="..\ChargeClient\NetworkManager.cpp">
      <Filter>헤더 파일</Filter>
    </ClCompile>
    <ClCompile Include="..\ChargeClient\ObjectManager.cpp">
      <Filter>헤더 파일</Filter>
    </ClCompile>
    <ClCompile Include="..\ChargeClient\Player.cpp">
      <Filter>헤더 파일</Filter>
    </ClCompile>
    <ClCompile Include="..\ChargeClient\SceneManager.cpp">
      <Filter>헤더 파일</Filter>
    </ClCompile>
  </ItemGroup>
  <ItemGroup>
    <ResourceCompile Include="Dummyclient.rc">
      <Filter>리소스 파일</Filter>
    </ResourceCompile>
  </ItemGroup>
  <ItemGroup>
    <Image Include="small.ico">
      <Filter>리소스 파일</Filter>
    </Image>
    <Image Include="Dummyclient.ico">
      <Filter>리소스 파일</Filter>
    </Image>
  </ItemGroup>
</Project>